{
  "name": "webpack-guide-use",
  "version": "1.0.0",
  "lockfileVersion": 1,
  "requires": true,
  "dependencies": {
    "lodash": {
      "version": "4.17.15",
      "resolved": "https://registry.npmjs.org/lodash/-/lodash-4.17.15.tgz",
      "integrity": "sha512-8xOcRHvCjnocdS5cpwXQXVzmmh5e5+saE2QGoeQmbKmRS6J3VQppPOIt0MnmE+4xlZoumy0GPG0D0MVIQbNA1A==",
      "dev": true
    },
    "nodealin1": {
      "version": "1.0.0",
      "resolved": "https://registry.npmjs.org/nodealin1/-/nodealin1-1.0.0.tgz",
      "integrity": "sha512-Lfijf1zgAPYMHed11eEdb3+rKUc/EL2eGxcFAGILqZNZvhqj313McV5FaWFLMv02LX3p0MCcUtatdf5cEIztgQ==",
      "dev": true
    },
    "webpack-guide": {
      "version": "1.4.0",
      "resolved": "https://registry.npmjs.org/webpack-guide/-/webpack-guide-1.4.0.tgz",
      "integrity": "sha512-bGOD/nIc6e5/l4RH3iK0lRN61xy/UUZ6yfIXUUFbO3spiNxcgbXasjI7IsBDxXsGHP7aCuuY0u8d3rdVP4htvg==",
      "dev": true,
      "requires": {
        "lodash": "^4.17.15"
      }
    }
  }
}
